// !$*UTF8*$!
{
	archiveVersion = 1;
	classes = {
	};
	objectVersion = 55;
	objects = {

/* Begin PBXBuildFile section */
		1C0CB17B292114550027C2EC /* PosterImageView.swift in Sources */ = {isa = PBXBuildFile; fileRef = 1C0CB17A292114550027C2EC /* PosterImageView.swift */; };
		1C3DF6502919835F00531A2E /* AppDelegate.swift in Sources */ = {isa = PBXBuildFile; fileRef = 1C3DF64F2919835F00531A2E /* AppDelegate.swift */; };
		1C3DF6522919835F00531A2E /* SceneDelegate.swift in Sources */ = {isa = PBXBuildFile; fileRef = 1C3DF6512919835F00531A2E /* SceneDelegate.swift */; };
		1C3DF6592919836000531A2E /* Assets.xcassets in Resources */ = {isa = PBXBuildFile; fileRef = 1C3DF6582919836000531A2E /* Assets.xcassets */; };
		1C3DF65C2919836000531A2E /* LaunchScreen.storyboard in Resources */ = {isa = PBXBuildFile; fileRef = 1C3DF65A2919836000531A2E /* LaunchScreen.storyboard */; };
		1C3DF66A291986BB00531A2E /* HomeScreen.swift in Sources */ = {isa = PBXBuildFile; fileRef = 1C3DF669291986BB00531A2E /* HomeScreen.swift */; };
		1C3DF66C291987B300531A2E /* NetworkManager.swift in Sources */ = {isa = PBXBuildFile; fileRef = 1C3DF66B291987B300531A2E /* NetworkManager.swift */; };
		1CB0FE66291C3A1700C63BAF /* Movie.swift in Sources */ = {isa = PBXBuildFile; fileRef = 1CB0FE65291C3A1700C63BAF /* Movie.swift */; };
		1CB0FE68291C3DFA00C63BAF /* MovieService.swift in Sources */ = {isa = PBXBuildFile; fileRef = 1CB0FE67291C3DFA00C63BAF /* MovieService.swift */; };
		1CD47631291CFCA50054CA61 /* APIURLs.swift in Sources */ = {isa = PBXBuildFile; fileRef = 1CD47630291CFCA50054CA61 /* APIURLs.swift */; };
		1CD47633291CFD730054CA61 /* HomeViewModel.swift in Sources */ = {isa = PBXBuildFile; fileRef = 1CD47632291CFD730054CA61 /* HomeViewModel.swift */; };
		1CD47636291D053C0054CA61 /* UIView+Ext.swift in Sources */ = {isa = PBXBuildFile; fileRef = 1CD47635291D053C0054CA61 /* UIView+Ext.swift */; };
		1CD47638291D08080054CA61 /* UIHelper.swift in Sources */ = {isa = PBXBuildFile; fileRef = 1CD47637291D08080054CA61 /* UIHelper.swift */; };
		1CD4763A291D09600054CA61 /* CGFloat+Ext.swift in Sources */ = {isa = PBXBuildFile; fileRef = 1CD47639291D09600054CA61 /* CGFloat+Ext.swift */; };
		1CD4763C291D0B810054CA61 /* MovieCell.swift in Sources */ = {isa = PBXBuildFile; fileRef = 1CD4763B291D0B810054CA61 /* MovieCell.swift */; };
/* End PBXBuildFile section */

/* Begin PBXFileReference section */
		1C0CB17A292114550027C2EC /* PosterImageView.swift */ = {isa = PBXFileReference; lastKnownFileType = sourcecode.swift; path = PosterImageView.swift; sourceTree = "<group>"; };
		1C3DF64C2919835F00531A2E /* MvvmMoviesApp.app */ = {isa = PBXFileReference; explicitFileType = wrapper.application; includeInIndex = 0; path = MvvmMoviesApp.app; sourceTree = BUILT_PRODUCTS_DIR; };
		1C3DF64F2919835F00531A2E /* AppDelegate.swift */ = {isa = PBXFileReference; lastKnownFileType = sourcecode.swift; path = AppDelegate.swift; sourceTree = "<group>"; };
		1C3DF6512919835F00531A2E /* SceneDelegate.swift */ = {isa = PBXFileReference; lastKnownFileType = sourcecode.swift; path = SceneDelegate.swift; sourceTree = "<group>"; };
		1C3DF6582919836000531A2E /* Assets.xcassets */ = {isa = PBXFileReference; lastKnownFileType = folder.assetcatalog; path = Assets.xcassets; sourceTree = "<group>"; };
		1C3DF65B2919836000531A2E /* Base */ = {isa = PBXFileReference; lastKnownFileType = file.storyboard; name = Base; path = Base.lproj/LaunchScreen.storyboard; sourceTree = "<group>"; };
		1C3DF65D2919836000531A2E /* Info.plist */ = {isa = PBXFileReference; lastKnownFileType = text.plist.xml; path = Info.plist; sourceTree = "<group>"; };
		1C3DF669291986BB00531A2E /* HomeScreen.swift */ = {isa = PBXFileReference; lastKnownFileType = sourcecode.swift; path = HomeScreen.swift; sourceTree = "<group>"; };
		1C3DF66B291987B300531A2E /* NetworkManager.swift */ = {isa = PBXFileReference; lastKnownFileType = sourcecode.swift; path = NetworkManager.swift; sourceTree = "<group>"; };
		1CB0FE65291C3A1700C63BAF /* Movie.swift */ = {isa = PBXFileReference; lastKnownFileType = sourcecode.swift; path = Movie.swift; sourceTree = "<group>"; };
		1CB0FE67291C3DFA00C63BAF /* MovieService.swift */ = {isa = PBXFileReference; lastKnownFileType = sourcecode.swift; path = MovieService.swift; sourceTree = "<group>"; };
		1CD47630291CFCA50054CA61 /* APIURLs.swift */ = {isa = PBXFileReference; lastKnownFileType = sourcecode.swift; path = APIURLs.swift; sourceTree = "<group>"; };
		1CD47632291CFD730054CA61 /* HomeViewModel.swift */ = {isa = PBXFileReference; lastKnownFileType = sourcecode.swift; path = HomeViewModel.swift; sourceTree = "<group>"; };
		1CD47635291D053C0054CA61 /* UIView+Ext.swift */ = {isa = PBXFileReference; lastKnownFileType = sourcecode.swift; path = "UIView+Ext.swift"; sourceTree = "<group>"; };
		1CD47637291D08080054CA61 /* UIHelper.swift */ = {isa = PBXFileReference; lastKnownFileType = sourcecode.swift; path = UIHelper.swift; sourceTree = "<group>"; };
		1CD47639291D09600054CA61 /* CGFloat+Ext.swift */ = {isa = PBXFileReference; lastKnownFileType = sourcecode.swift; path = "CGFloat+Ext.swift"; sourceTree = "<group>"; };
		1CD4763B291D0B810054CA61 /* MovieCell.swift */ = {isa = PBXFileReference; lastKnownFileType = sourcecode.swift; path = MovieCell.swift; sourceTree = "<group>"; };
/* End PBXFileReference section */

/* Begin PBXFrameworksBuildPhase section */
		1C3DF6492919835F00531A2E /* Frameworks */ = {
			isa = PBXFrameworksBuildPhase;
			buildActionMask = 2147483647;
			files = (
			);
			runOnlyForDeploymentPostprocessing = 0;
		};
/* End PBXFrameworksBuildPhase section */

/* Begin PBXGroup section */
		1C3DF6432919835F00531A2E = {
			isa = PBXGroup;
			children = (
				1C3DF64E2919835F00531A2E /* MvvmMoviesApp */,
				1C3DF64D2919835F00531A2E /* Products */,
			);
			sourceTree = "<group>";
		};
		1C3DF64D2919835F00531A2E /* Products */ = {
			isa = PBXGroup;
			children = (
				1C3DF64C2919835F00531A2E /* MvvmMoviesApp.app */,
			);
			name = Products;
			sourceTree = "<group>";
		};
		1C3DF64E2919835F00531A2E /* MvvmMoviesApp */ = {
			isa = PBXGroup;
			children = (
				1CD47634291D05230054CA61 /* Extensions */,
				1C3DF6632919859900531A2E /* Utilities */,
				1C3DF665291985C700531A2E /* Models */,
				1C3DF664291985B200531A2E /* Services */,
				1C3DF666291985D100531A2E /* Core */,
				1C3DF64F2919835F00531A2E /* AppDelegate.swift */,
				1C3DF6512919835F00531A2E /* SceneDelegate.swift */,
				1C3DF6582919836000531A2E /* Assets.xcassets */,
				1C3DF65A2919836000531A2E /* LaunchScreen.storyboard */,
				1C3DF65D2919836000531A2E /* Info.plist */,
			);
			path = MvvmMoviesApp;
			sourceTree = "<group>";
		};
		1C3DF6632919859900531A2E /* Utilities */ = {
			isa = PBXGroup;
			children = (
				1C3DF66B291987B300531A2E /* NetworkManager.swift */,
				1CD47630291CFCA50054CA61 /* APIURLs.swift */,
				1CD47637291D08080054CA61 /* UIHelper.swift */,
			);
			path = Utilities;
			sourceTree = "<group>";
		};
		1C3DF664291985B200531A2E /* Services */ = {
			isa = PBXGroup;
			children = (
				1CB0FE67291C3DFA00C63BAF /* MovieService.swift */,
			);
			path = Services;
			sourceTree = "<group>";
		};
		1C3DF665291985C700531A2E /* Models */ = {
			isa = PBXGroup;
			children = (
				1CB0FE65291C3A1700C63BAF /* Movie.swift */,
			);
			path = Models;
			sourceTree = "<group>";
		};
		1C3DF666291985D100531A2E /* Core */ = {
			isa = PBXGroup;
			children = (
				1C3DF6682919868E00531A2E /* HomeScreen */,
				1C3DF667291985F500531A2E /* Components */,
			);
			path = Core;
			sourceTree = "<group>";
		};
		1C3DF667291985F500531A2E /* Components */ = {
			isa = PBXGroup;
			children = (
				1CD4763B291D0B810054CA61 /* MovieCell.swift */,
				1C0CB17A292114550027C2EC /* PosterImageView.swift */,
			);
			path = Components;
			sourceTree = "<group>";
		};
		1C3DF6682919868E00531A2E /* HomeScreen */ = {
			isa = PBXGroup;
			children = (
				1C3DF669291986BB00531A2E /* HomeScreen.swift */,
				1CD47632291CFD730054CA61 /* HomeViewModel.swift */,
			);
			path = HomeScreen;
			sourceTree = "<group>";
		};
		1CD47634291D05230054CA61 /* Extensions */ = {
			isa = PBXGroup;
			children = (
				1CD47635291D053C0054CA61 /* UIView+Ext.swift */,
				1CD47639291D09600054CA61 /* CGFloat+Ext.swift */,
			);
			path = Extensions;
			sourceTree = "<group>";
		};
/* End PBXGroup section */

/* Begin PBXNativeTarget section */
		1C3DF64B2919835F00531A2E /* MvvmMoviesApp */ = {
			isa = PBXNativeTarget;
			buildConfigurationList = 1C3DF6602919836000531A2E /* Build configuration list for PBXNativeTarget "MvvmMoviesApp" */;
			buildPhases = (
				1C3DF6482919835F00531A2E /* Sources */,
				1C3DF6492919835F00531A2E /* Frameworks */,
				1C3DF64A2919835F00531A2E /* Resources */,
			);
			buildRules = (
			);
			dependencies = (
			);
			name = MvvmMoviesApp;
			productName = MvvmMoviesApp;
			productReference = 1C3DF64C2919835F00531A2E /* MvvmMoviesApp.app */;
			productType = "com.apple.product-type.application";
		};
/* End PBXNativeTarget section */

/* Begin PBXProject section */
		1C3DF6442919835F00531A2E /* Project object */ = {
			isa = PBXProject;
			attributes = {
				BuildIndependentTargetsInParallel = 1;
				LastSwiftUpdateCheck = 1400;
				LastUpgradeCheck = 1400;
				TargetAttributes = {
					1C3DF64B2919835F00531A2E = {
						CreatedOnToolsVersion = 14.0.1;
					};
				};
			};
			buildConfigurationList = 1C3DF6472919835F00531A2E /* Build configuration list for PBXProject "MvvmMoviesApp" */;
			compatibilityVersion = "Xcode 13.0";
			developmentRegion = en;
			hasScannedForEncodings = 0;
			knownRegions = (
				en,
				Base,
			);
			mainGroup = 1C3DF6432919835F00531A2E;
			productRefGroup = 1C3DF64D2919835F00531A2E /* Products */;
			projectDirPath = "";
			projectRoot = "";
			targets = (
				1C3DF64B2919835F00531A2E /* MvvmMoviesApp */,
			);
		};
/* End PBXProject section */

/* Begin PBXResourcesBuildPhase section */
		1C3DF64A2919835F00531A2E /* Resources */ = {
			isa = PBXResourcesBuildPhase;
			buildActionMask = 2147483647;
			files = (
				1C3DF65C2919836000531A2E /* LaunchScreen.storyboard in Resources */,
				1C3DF6592919836000531A2E /* Assets.xcassets in Resources */,
			);
			runOnlyForDeploymentPostprocessing = 0;
		};
/* End PBXResourcesBuildPhase section */

/* Begin PBXSourcesBuildPhase section */
		1C3DF6482919835F00531A2E /* Sources */ = {
			isa = PBXSourcesBuildPhase;
			buildActionMask = 2147483647;
			files = (
				1CB0FE68291C3DFA00C63BAF /* MovieService.swift in Sources */,
				1C3DF66C291987B300531A2E /* NetworkManager.swift in Sources */,
				1CD4763C291D0B810054CA61 /* MovieCell.swift in Sources */,
				1C3DF6502919835F00531A2E /* AppDelegate.swift in Sources */,
				1CD4763A291D09600054CA61 /* CGFloat+Ext.swift in Sources */,
				1CD47638291D08080054CA61 /* UIHelper.swift in Sources */,
				1CD47633291CFD730054CA61 /* HomeViewModel.swift in Sources */,
				1C3DF6522919835F00531A2E /* SceneDelegate.swift in Sources */,
				1CD47636291D053C0054CA61 /* UIView+Ext.swift in Sources */,
				1CD47631291CFCA50054CA61 /* APIURLs.swift in Sources */,
				1C3DF66A291986BB00531A2E /* HomeScreen.swift in Sources */,
				1C0CB17B292114550027C2EC /* PosterImageView.swift in Sources */,
				1CB0FE66291C3A1700C63BAF /* Movie.swift in Sources */,
			);
			runOnlyForDeploymentPostprocessing = 0;
		};
/* End PBXSourcesBuildPhase section */

/* Begin PBXVariantGroup section */
		1C3DF65A2919836000531A2E /* LaunchScreen.storyboard */ = {
			isa = PBXVariantGroup;
			children = (
				1C3DF65B2919836000531A2E /* Base */,
			);
			name = LaunchScreen.storyboard;
			sourceTree = "<group>";
		};
/* End PBXVariantGroup section */

/* Begin XCBuildConfiguration section */
		1C3DF65E2919836000531A2E /* Debug */ = {
			isa = XCBuildConfiguration;
			buildSettings = {
				ALWAYS_SEARCH_USER_PATHS = NO;
				CLANG_ANALYZER_NONNULL = YES;
				CLANG_ANALYZER_NUMBER_OBJECT_CONVERSION = YES_AGGRESSIVE;
				CLANG_CXX_LANGUAGE_STANDARD = "gnu++20";
				CLANG_ENABLE_MODULES = YES;
				CLANG_ENABLE_OBJC_ARC = YES;
				CLANG_ENABLE_OBJC_WEAK = YES;
				CLANG_WARN_BLOCK_CAPTURE_AUTORELEASING = YES;
				CLANG_WARN_BOOL_CONVERSION = YES;
				CLANG_WARN_COMMA = YES;
				CLANG_WARN_CONSTANT_CONVERSION = YES;
				CLANG_WARN_DEPRECATED_OBJC_IMPLEMENTATIONS = YES;
				CLANG_WARN_DIRECT_OBJC_ISA_USAGE = YES_ERROR;
				CLANG_WARN_DOCUMENTATION_COMMENTS = YES;
				CLANG_WARN_EMPTY_BODY = YES;
				CLANG_WARN_ENUM_CONVERSION = YES;
				CLANG_WARN_INFINITE_RECURSION = YES;
				CLANG_WARN_INT_CONVERSION = YES;
				CLANG_WARN_NON_LITERAL_NULL_CONVERSION = YES;
				CLANG_WARN_OBJC_IMPLICIT_RETAIN_SELF = YES;
				CLANG_WARN_OBJC_LITERAL_CONVERSION = YES;
				CLANG_WARN_OBJC_ROOT_CLASS = YES_ERROR;
				CLANG_WARN_QUOTED_INCLUDE_IN_FRAMEWORK_HEADER = YES;
				CLANG_WARN_RANGE_LOOP_ANALYSIS = YES;
				CLANG_WARN_STRICT_PROTOTYPES = YES;
				CLANG_WARN_SUSPICIOUS_MOVE = YES;
				CLANG_WARN_UNGUARDED_AVAILABILITY = YES_AGGRESSIVE;
				CLANG_WARN_UNREACHABLE_CODE = YES;
				CLANG_WARN__DUPLICATE_METHOD_MATCH = YES;
				COPY_PHASE_STRIP = NO;
				DEBUG_INFORMATION_FORMAT = dwarf;
				ENABLE_STRICT_OBJC_MSGSEND = YES;
				ENABLE_TESTABILITY = YES;
				GCC_C_LANGUAGE_STANDARD = gnu11;
				GCC_DYNAMIC_NO_PIC = NO;
				GCC_NO_COMMON_BLOCKS = YES;
				GCC_OPTIMIZATION_LEVEL = 0;
				GCC_PREPROCESSOR_DEFINITIONS = (
					"DEBUG=1",
					"$(inherited)",
				);
				GCC_WARN_64_TO_32_BIT_CONVERSION = YES;
				GCC_WARN_ABOUT_RETURN_TYPE = YES_ERROR;
				GCC_WARN_UNDECLARED_SELECTOR = YES;
				GCC_WARN_UNINITIALIZED_AUTOS = YES_AGGRESSIVE;
				GCC_WARN_UNUSED_FUNCTION = YES;
				GCC_WARN_UNUSED_VARIABLE = YES;
				IPHONEOS_DEPLOYMENT_TARGET = 16.0;
				MTL_ENABLE_DEBUG_INFO = INCLUDE_SOURCE;
				MTL_FAST_MATH = YES;
				ONLY_ACTIVE_ARCH = YES;
				SDKROOT = iphoneos;
				SWIFT_ACTIVE_COMPILATION_CONDITIONS = DEBUG;
				SWIFT_OPTIMIZATION_LEVEL = "-Onone";
			};
			name = Debug;
		};
		1C3DF65F2919836000531A2E /* Release */ = {
			isa = XCBuildConfiguration;
			buildSettings = {
				ALWAYS_SEARCH_USER_PATHS = NO;
				CLANG_ANALYZER_NONNULL = YES;
				CLANG_ANALYZER_NUMBER_OBJECT_CONVERSION = YES_AGGRESSIVE;
				CLANG_CXX_LANGUAGE_STANDARD = "gnu++20";
				CLANG_ENABLE_MODULES = YES;
				CLANG_ENABLE_OBJC_ARC = YES;
				CLANG_ENABLE_OBJC_WEAK = YES;
				CLANG_WARN_BLOCK_CAPTURE_AUTORELEASING = YES;
				CLANG_WARN_BOOL_CONVERSION = YES;
				CLANG_WARN_COMMA = YES;
				CLANG_WARN_CONSTANT_CONVERSION = YES;
				CLANG_WARN_DEPRECATED_OBJC_IMPLEMENTATIONS = YES;
				CLANG_WARN_DIRECT_OBJC_ISA_USAGE = YES_ERROR;
				CLANG_WARN_DOCUMENTATION_COMMENTS = YES;
				CLANG_WARN_EMPTY_BODY = YES;
				CLANG_WARN_ENUM_CONVERSION = YES;
				CLANG_WARN_INFINITE_RECURSION = YES;
				CLANG_WARN_INT_CONVERSION = YES;
				CLANG_WARN_NON_LITERAL_NULL_CONVERSION = YES;
				CLANG_WARN_OBJC_IMPLICIT_RETAIN_SELF = YES;
				CLANG_WARN_OBJC_LITERAL_CONVERSION = YES;
				CLANG_WARN_OBJC_ROOT_CLASS = YES_ERROR;
				CLANG_WARN_QUOTED_INCLUDE_IN_FRAMEWORK_HEADER = YES;
				CLANG_WARN_RANGE_LOOP_ANALYSIS = YES;
				CLANG_WARN_STRICT_PROTOTYPES = YES;
				CLANG_WARN_SUSPICIOUS_MOVE = YES;
				CLANG_WARN_UNGUARDED_AVAILABILITY = YES_AGGRESSIVE;
				CLANG_WARN_UNREACHABLE_CODE = YES;
				CLANG_WARN__DUPLICATE_METHOD_MATCH = YES;
				COPY_PHASE_STRIP = NO;
				DEBUG_INFORMATION_FORMAT = "dwarf-with-dsym";
				ENABLE_NS_ASSERTIONS = NO;
				ENABLE_STRICT_OBJC_MSGSEND = YES;
				GCC_C_LANGUAGE_STANDARD = gnu11;
				GCC_NO_COMMON_BLOCKS = YES;
				GCC_WARN_64_TO_32_BIT_CONVERSION = YES;
				GCC_WARN_ABOUT_RETURN_TYPE = YES_ERROR;
				GCC_WARN_UNDECLARED_SELECTOR = YES;
				GCC_WARN_UNINITIALIZED_AUTOS = YES_AGGRESSIVE;
				GCC_WARN_UNUSED_FUNCTION = YES;
				GCC_WARN_UNUSED_VARIABLE = YES;
				IPHONEOS_DEPLOYMENT_TARGET = 16.0;
				MTL_ENABLE_DEBUG_INFO = NO;
				MTL_FAST_MATH = YES;
				SDKROOT = iphoneos;
				SWIFT_COMPILATION_MODE = wholemodule;
				SWIFT_OPTIMIZATION_LEVEL = "-O";
				VALIDATE_PRODUCT = YES;
			};
			name = Release;
		};
		1C3DF6612919836000531A2E /* Debug */ = {
			isa = XCBuildConfiguration;
			buildSettings = {
				ASSETCATALOG_COMPILER_APPICON_NAME = AppIcon;
				ASSETCATALOG_COMPILER_GLOBAL_ACCENT_COLOR_NAME = AccentColor;
				CODE_SIGN_STYLE = Automatic;
				CURRENT_PROJECT_VERSION = 1;
				DEVELOPMENT_TEAM = 54M6VWH583;
				GENERATE_INFOPLIST_FILE = YES;
				INFOPLIST_FILE = MvvmMoviesApp/Info.plist;
				INFOPLIST_KEY_UIApplicationSupportsIndirectInputEvents = YES;
				INFOPLIST_KEY_UILaunchStoryboardName = LaunchScreen;
				INFOPLIST_KEY_UIRequiresFullScreen = YES;
				INFOPLIST_KEY_UIStatusBarStyle = "";
				INFOPLIST_KEY_UISupportedInterfaceOrientations_iPad = "UIInterfaceOrientationPortrait UIInterfaceOrientationPortraitUpsideDown UIInterfaceOrientationLandscapeLeft UIInterfaceOrientationLandscapeRight";
				INFOPLIST_KEY_UISupportedInterfaceOrientations_iPhone = "UIInterfaceOrientationPortrait UIInterfaceOrientationLandscapeLeft UIInterfaceOrientationLandscapeRight";
				LD_RUNPATH_SEARCH_PATHS = (
					"$(inherited)",
					"@executable_path/Frameworks",
				);
				MARKETING_VERSION = 1.0;
				PRODUCT_BUNDLE_IDENTIFIER = ahmethakan.MvvmMoviesApp;
				PRODUCT_NAME = "$(TARGET_NAME)";
				SWIFT_EMIT_LOC_STRINGS = YES;
				SWIFT_VERSION = 5.0;
				TARGETED_DEVICE_FAMILY = "1,2";
			};
			name = Debug;
		};
		1C3DF6622919836000531A2E /* Release */ = {
			isa = XCBuildConfiguration;
			buildSettings = {
				ASSETCATALOG_COMPILER_APPICON_NAME = AppIcon;
				ASSETCATALOG_COMPILER_GLOBAL_ACCENT_COLOR_NAME = AccentColor;
				CODE_SIGN_STYLE = Automatic;
				CURRENT_PROJECT_VERSION = 1;
				DEVELOPMENT_TEAM = 54M6VWH583;
				GENERATE_INFOPLIST_FILE = YES;
				INFOPLIST_FILE = MvvmMoviesApp/Info.plist;
				INFOPLIST_KEY_UIApplicationSupportsIndirectInputEvents = YES;
				INFOPLIST_KEY_UILaunchStoryboardName = LaunchScreen;
				INFOPLIST_KEY_UIRequiresFullScreen = YES;
				INFOPLIST_KEY_UIStatusBarStyle = "";
				INFOPLIST_KEY_UISupportedInterfaceOrientations_iPad = "UIInterfaceOrientationPortrait UIInterfaceOrientationPortraitUpsideDown UIInterfaceOrientationLandscapeLeft UIInterfaceOrientationLandscapeRight";
				INFOPLIST_KEY_UISupportedInterfaceOrientations_iPhone = "UIInterfaceOrientationPortrait UIInterfaceOrientationLandscapeLeft UIInterfaceOrientationLandscapeRight";
				LD_RUNPATH_SEARCH_PATHS = (
					"$(inherited)",
					"@executable_path/Frameworks",
				);
				MARKETING_VERSION = 1.0;
				PRODUCT_BUNDLE_IDENTIFIER = ahmethakan.MvvmMoviesApp;
				PRODUCT_NAME = "$(TARGET_NAME)";
				SWIFT_EMIT_LOC_STRINGS = YES;
				SWIFT_VERSION = 5.0;
				TARGETED_DEVICE_FAMILY = "1,2";
			};
			name = Release;
		};
/* End XCBuildConfiguration section */

/* Begin XCConfigurationList section */
		1C3DF6472919835F00531A2E /* Build configuration list for PBXProject "MvvmMoviesApp" */ = {
			isa = XCConfigurationList;
			buildConfigurations = (
				1C3DF65E2919836000531A2E /* Debug */,
				1C3DF65F2919836000531A2E /* Release */,
			);
			defaultConfigurationIsVisible = 0;
			defaultConfigurationName = Release;
		};
		1C3DF6602919836000531A2E /* Build configuration list for PBXNativeTarget "MvvmMoviesApp" */ = {
			isa = XCConfigurationList;
			buildConfigurations = (
				1C3DF6612919836000531A2E /* Debug */,
				1C3DF6622919836000531A2E /* Release */,
			);
			defaultConfigurationIsVisible = 0;
			defaultConfigurationName = Release;
		};
/* End XCConfigurationList section */
	};
	rootObject = 1C3DF6442919835F00531A2E /* Project object */;
}
